
Microsoft Visual Studio Solution File, Format Version 12.00
# Visual Studio Version 17
VisualStudioVersion = 17.11.35431.28
MinimumVisualStudioVersion = 10.0.40219.1
Project("{FAE04EC0-301F-11D3-BF4B-00C04F79EFBC}") = "TCPServer", "TCPServer.csproj", "{CEE22880-2A7D-4AF4-8E90-51A660CF5D9D}"
EndProject
Global
	GlobalSection(SolutionConfigurationPlatforms) = preSolution
		Debug|Any CPU = Debug|Any CPU
		Release|Any CPU = Release|Any CPU
	EndGlobalSection
	GlobalSection(ProjectConfigurationPlatforms) = postSolution
		{CEE22880-2A7D-4AF4-8E90-51A660CF5D9D}.Debug|Any CPU.ActiveCfg = Debug|Any CPU
		{CEE22880-2A7D-4AF4-8E90-51A660CF5D9D}.Debug|Any CPU.Build.0 = Debug|Any CPU
		{CEE22880-2A7D-4AF4-8E90-51A660CF5D9D}.Release|Any CPU.ActiveCfg = Release|Any CPU
		{CEE22880-2A7D-4AF4-8E90-51A660CF5D9D}.Release|Any CPU.Build.0 = Release|Any CPU
	EndGlobalSection
	GlobalSection(SolutionProperties) = preSolution
		HideSolutionNode = FALSE
	EndGlobalSection
	GlobalSection(ExtensibilityGlobals) = postSolution
		SolutionGuid = {37D26CD9-BF36-4640-B7AB-B7228E4C34FB}
	EndGlobalSection
EndGlobal
